
Microsoft Visual Studio Solution File, Format Version 12.00
# Visual Studio Version 17
VisualStudioVersion = 17.1.32228.430
MinimumVisualStudioVersion = 10.0.40219.1
Project("{FAE04EC0-301F-11D3-BF4B-00C04F79EFBC}") = "Variables Exercise", "Variables Exercise\Variables Exercise.csproj", "{DC0E2FE2-8A6C-465D-AEBB-03AE5FA4912E}"
EndProject
Global
	GlobalSection(SolutionConfigurationPlatforms) = preSolution
		Debug|Any CPU = Debug|Any CPU
		Release|Any CPU = Release|Any CPU
	EndGlobalSection
	GlobalSection(ProjectConfigurationPlatforms) = postSolution
		{DC0E2FE2-8A6C-465D-AEBB-03AE5FA4912E}.Debug|Any CPU.ActiveCfg = Debug|Any CPU
		{DC0E2FE2-8A6C-465D-AEBB-03AE5FA4912E}.Debug|Any CPU.Build.0 = Debug|Any CPU
		{DC0E2FE2-8A6C-465D-AEBB-03AE5FA4912E}.Release|Any CPU.ActiveCfg = Release|Any CPU
		{DC0E2FE2-8A6C-465D-AEBB-03AE5FA4912E}.Release|Any CPU.Build.0 = Release|Any CPU
	EndGlobalSection
	GlobalSection(SolutionProperties) = preSolution
		HideSolutionNode = FALSE
	EndGlobalSection
	GlobalSection(ExtensibilityGlobals) = postSolution
		SolutionGuid = {A10F7BEF-355C-4AEE-9259-95CE00E4D462}
	EndGlobalSection
EndGlobal
